
Microsoft Visual Studio Solution File, Format Version 12.00
# Visual Studio Version 17
VisualStudioVersion = 17.6.33829.357
MinimumVisualStudioVersion = 10.0.40219.1
Project("{9A19103F-16F7-4668-BE54-9A1E7A4F7556}") = "checkingAccountAmount.API", "checkingAccountAmount\checkingAccountAmount.API.csproj", "{58728868-EFE6-44D1-8527-8D8807513419}"
	ProjectSection(ProjectDependencies) = postProject
		{140378C1-0A2F-4B3F-A8D0-EBE28BCB2F68} = {140378C1-0A2F-4B3F-A8D0-EBE28BCB2F68}
		{22FB7B1B-2FC6-4884-AC84-6244E6C68847} = {22FB7B1B-2FC6-4884-AC84-6244E6C68847}
		{EF006066-43D8-4481-B7C8-2B653547D1E3} = {EF006066-43D8-4481-B7C8-2B653547D1E3}
	EndProjectSection
EndProject
Project("{9A19103F-16F7-4668-BE54-9A1E7A4F7556}") = "checkingAccountAmount.Application", "checkingAccountAmount.Application\checkingAccountAmount.Application.csproj", "{EF006066-43D8-4481-B7C8-2B653547D1E3}"
	ProjectSection(ProjectDependencies) = postProject
		{813F050C-C9F9-41E2-B2B4-F318B19224FC} = {813F050C-C9F9-41E2-B2B4-F318B19224FC}
	EndProjectSection
EndProject
Project("{9A19103F-16F7-4668-BE54-9A1E7A4F7556}") = "checkingAccountAmount.Domain", "checkingAccountAmount.Domain\checkingAccountAmount.Domain.csproj", "{813F050C-C9F9-41E2-B2B4-F318B19224FC}"
EndProject
Project("{9A19103F-16F7-4668-BE54-9A1E7A4F7556}") = "checkingAccountAmount.Infra.Data", "checkingAccountAmount.Infra.Data\checkingAccountAmount.Infra.Data.csproj", "{140378C1-0A2F-4B3F-A8D0-EBE28BCB2F68}"
	ProjectSection(ProjectDependencies) = postProject
		{813F050C-C9F9-41E2-B2B4-F318B19224FC} = {813F050C-C9F9-41E2-B2B4-F318B19224FC}
	EndProjectSection
EndProject
Project("{9A19103F-16F7-4668-BE54-9A1E7A4F7556}") = "checkingAccountAmount.Infra.IoC", "checkingAccountAmount.Infra.IoC\checkingAccountAmount.Infra.IoC.csproj", "{22FB7B1B-2FC6-4884-AC84-6244E6C68847}"
	ProjectSection(ProjectDependencies) = postProject
		{140378C1-0A2F-4B3F-A8D0-EBE28BCB2F68} = {140378C1-0A2F-4B3F-A8D0-EBE28BCB2F68}
		{813F050C-C9F9-41E2-B2B4-F318B19224FC} = {813F050C-C9F9-41E2-B2B4-F318B19224FC}
		{EF006066-43D8-4481-B7C8-2B653547D1E3} = {EF006066-43D8-4481-B7C8-2B653547D1E3}
	EndProjectSection
EndProject
Project("{FAE04EC0-301F-11D3-BF4B-00C04F79EFBC}") = "checkingAccountAmount.XUnit", "checkingAccountAmount.XUnit\checkingAccountAmount.XUnit.csproj", "{574EFE5B-8392-492A-924C-314CD3F498F0}"
	ProjectSection(ProjectDependencies) = postProject
		{140378C1-0A2F-4B3F-A8D0-EBE28BCB2F68} = {140378C1-0A2F-4B3F-A8D0-EBE28BCB2F68}
		{58728868-EFE6-44D1-8527-8D8807513419} = {58728868-EFE6-44D1-8527-8D8807513419}
		{813F050C-C9F9-41E2-B2B4-F318B19224FC} = {813F050C-C9F9-41E2-B2B4-F318B19224FC}
		{EF006066-43D8-4481-B7C8-2B653547D1E3} = {EF006066-43D8-4481-B7C8-2B653547D1E3}
	EndProjectSection
EndProject
Global
	GlobalSection(SolutionConfigurationPlatforms) = preSolution
		Debug|Any CPU = Debug|Any CPU
		Release|Any CPU = Release|Any CPU
	EndGlobalSection
	GlobalSection(ProjectConfigurationPlatforms) = postSolution
		{58728868-EFE6-44D1-8527-8D8807513419}.Debug|Any CPU.ActiveCfg = Debug|Any CPU
		{58728868-EFE6-44D1-8527-8D8807513419}.Debug|Any CPU.Build.0 = Debug|Any CPU
		{58728868-EFE6-44D1-8527-8D8807513419}.Release|Any CPU.ActiveCfg = Release|Any CPU
		{58728868-EFE6-44D1-8527-8D8807513419}.Release|Any CPU.Build.0 = Release|Any CPU
		{EF006066-43D8-4481-B7C8-2B653547D1E3}.Debug|Any CPU.ActiveCfg = Debug|Any CPU
		{EF006066-43D8-4481-B7C8-2B653547D1E3}.Debug|Any CPU.Build.0 = Debug|Any CPU
		{EF006066-43D8-4481-B7C8-2B653547D1E3}.Release|Any CPU.ActiveCfg = Release|Any CPU
		{EF006066-43D8-4481-B7C8-2B653547D1E3}.Release|Any CPU.Build.0 = Release|Any CPU
		{813F050C-C9F9-41E2-B2B4-F318B19224FC}.Debug|Any CPU.ActiveCfg = Debug|Any CPU
		{813F050C-C9F9-41E2-B2B4-F318B19224FC}.Debug|Any CPU.Build.0 = Debug|Any CPU
		{813F050C-C9F9-41E2-B2B4-F318B19224FC}.Release|Any CPU.ActiveCfg = Release|Any CPU
		{813F050C-C9F9-41E2-B2B4-F318B19224FC}.Release|Any CPU.Build.0 = Release|Any CPU
		{140378C1-0A2F-4B3F-A8D0-EBE28BCB2F68}.Debug|Any CPU.ActiveCfg = Debug|Any CPU
		{140378C1-0A2F-4B3F-A8D0-EBE28BCB2F68}.Debug|Any CPU.Build.0 = Debug|Any CPU
		{140378C1-0A2F-4B3F-A8D0-EBE28BCB2F68}.Release|Any CPU.ActiveCfg = Release|Any CPU
		{140378C1-0A2F-4B3F-A8D0-EBE28BCB2F68}.Release|Any CPU.Build.0 = Release|Any CPU
		{22FB7B1B-2FC6-4884-AC84-6244E6C68847}.Debug|Any CPU.ActiveCfg = Debug|Any CPU
		{22FB7B1B-2FC6-4884-AC84-6244E6C68847}.Debug|Any CPU.Build.0 = Debug|Any CPU
		{22FB7B1B-2FC6-4884-AC84-6244E6C68847}.Release|Any CPU.ActiveCfg = Release|Any CPU
		{22FB7B1B-2FC6-4884-AC84-6244E6C68847}.Release|Any CPU.Build.0 = Release|Any CPU
		{574EFE5B-8392-492A-924C-314CD3F498F0}.Debug|Any CPU.ActiveCfg = Debug|Any CPU
		{574EFE5B-8392-492A-924C-314CD3F498F0}.Debug|Any CPU.Build.0 = Debug|Any CPU
		{574EFE5B-8392-492A-924C-314CD3F498F0}.Release|Any CPU.ActiveCfg = Release|Any CPU
		{574EFE5B-8392-492A-924C-314CD3F498F0}.Release|Any CPU.Build.0 = Release|Any CPU
	EndGlobalSection
	GlobalSection(SolutionProperties) = preSolution
		HideSolutionNode = FALSE
	EndGlobalSection
	GlobalSection(ExtensibilityGlobals) = postSolution
		SolutionGuid = {9A42FE22-2EBE-4D7E-B924-9201F99D5D20}
	EndGlobalSection
EndGlobal
